{
  "name": "@krosoft/tooling-tsconfig-vue",
  "version": "0.0.1",
  "lockfileVersion": 3,
  "requires": true,
  "packages": {
    "": {
      "name": "@krosoft/tooling-tsconfig-vue",
      "version": "0.0.1",
      "peerDependencies": {
        "@krosoft/tooling-tsconfig": "*"
      }
    },
    "node_modules/@krosoft/tooling-tsconfig": {
      "version": "0.0.1",
      "resolved": "https://registry.npmjs.org/@krosoft/tooling-tsconfig/-/tooling-tsconfig-0.0.1.tgz",
      "integrity": "sha512-zrqoVzkmiq+0WOz71u1MyNXa4kjTyDKG2hV9VfLDGDZOtcEp/M7muUWsJIPrjx4Ey339rEu7DRCQbcL1XzeOzw==",
      "peer": true
    }
  }
}
